<?xml version="1.0" encoding="utf-8"?>
<Project ToolsVersion="4.0" xmlns="http://schemas.microsoft.com/developer/msbuild/2003">
  <ItemGroup>
    <Filter Include="Source Files">
      <UniqueIdentifier>{4FC737F1-C7A5-4376-A066-2A32D752A2FF}</UniqueIdentifier>
      <Extensions>cpp;c;cc;cxx;def;odl;idl;hpj;bat;asm;asmx</Extensions>
    </Filter>
    <Filter Include="Resource Files">
      <UniqueIdentifier>{67DA6AB6-F800-4c08-8B7A-83BB121AAD01}</UniqueIdentifier>
      <Extensions>rc;ico;cur;bmp;dlg;rc2;rct;bin;rgs;gif;jpg;jpeg;jpe;resx;tiff;tif;png;wav;mfcribbon-ms</Extensions>
    </Filter>
    <Filter Include="Header Files">
      <UniqueIdentifier>{d8f0207f-5c6b-42fe-bff4-01472c895f14}</UniqueIdentifier>
    </Filter>
    <Filter Include="DirectX">
      <UniqueIdentifier>{0448af71-8d5b-4fb0-9ab4-734e0e4b32b5}</UniqueIdentifier>
    </Filter>
    <Filter Include="Shaders">
      <UniqueIdentifier>{98260b47-2eca-4039-8556-65d24cb60e40}</UniqueIdentifier>
    </Filter>
    <Filter Include="Shaders\Compute Shaders">
      <UniqueIdentifier>{1d359724-9303-4cee-8692-322fe8d403fc}</UniqueIdentifier>
    </Filter>
    <Filter Include="Interfaces">
      <UniqueIdentifier>{ffdc90dd-ce0c-43c5-ad3d-41ab5f6f60c2}</UniqueIdentifier>
    </Filter>
    <Filter Include="DirectTex">
      <UniqueIdentifier>{2bd9f384-2a33-4ac5-9f85-1de373c31459}</UniqueIdentifier>
    </Filter>
    <Filter Include="Core">
      <UniqueIdentifier>{b1e4b959-e081-4b74-96ba-be5bb6d94f28}</UniqueIdentifier>
    </Filter>
  </ItemGroup>
  <ItemGroup>
    <ClCompile Include="D3DComputeShader.cpp">
      <Filter>DirectX</Filter>
    </ClCompile>
    <ClCompile Include="D3DStructuredBuffer.cpp">
      <Filter>DirectX</Filter>
    </ClCompile>
    <ClCompile Include="D3DTexture.cpp">
      <Filter>DirectX</Filter>
    </ClCompile>
    <ClCompile Include="D3DTextureArray.cpp">
      <Filter>DirectX</Filter>
    </ClCompile>
    <ClCompile Include="DirectxTEX\WICTextureLoader.cpp">
      <Filter>DirectTex</Filter>
    </ClCompile>
    <ClCompile Include="Camera.cpp">
      <Filter>Core</Filter>
    </ClCompile>
    <ClCompile Include="Graphics.cpp">
      <Filter>Core</Filter>
    </ClCompile>
    <ClCompile Include="Input.cpp">
      <Filter>Core</Filter>
    </ClCompile>
    <ClCompile Include="LightShow.cpp">
      <Filter>Core</Filter>
    </ClCompile>
    <ClCompile Include="Main.cpp">
      <Filter>Core</Filter>
    </ClCompile>
    <ClCompile Include="Model3D.cpp">
      <Filter>Core</Filter>
    </ClCompile>
    <ClCompile Include="ProperObjLoader.cpp">
      <Filter>Core</Filter>
    </ClCompile>
    <ClCompile Include="RayTracer.cpp">
      <Filter>Core</Filter>
    </ClCompile>
    <ClCompile Include="WinTimer.cpp">
      <Filter>Core</Filter>
    </ClCompile>
  </ItemGroup>
  <ItemGroup>
    <ClInclude Include="D3DComputeShader.h">
      <Filter>DirectX</Filter>
    </ClInclude>
    <ClInclude Include="ShaderWrapping.h">
      <Filter>DirectX</Filter>
    </ClInclude>
    <ClInclude Include="D3DStructuredBuffer.h">
      <Filter>DirectX</Filter>
    </ClInclude>
    <ClInclude Include="D3DTexture.h">
      <Filter>DirectX</Filter>
    </ClInclude>
    <ClInclude Include="D3DTextureArray.h">
      <Filter>DirectX</Filter>
    </ClInclude>
    <ClInclude Include="D3DResource.h">
      <Filter>Interfaces</Filter>
    </ClInclude>
    <ClInclude Include="DirectxTEX\WICTextureLoader.h">
      <Filter>DirectTex</Filter>
    </ClInclude>
    <ClInclude Include="Camera.h">
      <Filter>Core</Filter>
    </ClInclude>
    <ClInclude Include="Graphics.h">
      <Filter>Core</Filter>
    </ClInclude>
    <ClInclude Include="Input.h">
      <Filter>Core</Filter>
    </ClInclude>
    <ClInclude Include="LightShow.h">
      <Filter>Core</Filter>
    </ClInclude>
    <ClInclude Include="Model3D.h">
      <Filter>Core</Filter>
    </ClInclude>
    <ClInclude Include="ProperObjLoader.h">
      <Filter>Core</Filter>
    </ClInclude>
    <ClInclude Include="RayTracer.h">
      <Filter>Core</Filter>
    </ClInclude>
    <ClInclude Include="Global.h">
      <Filter>Core</Filter>
    </ClInclude>
    <ClInclude Include="WinTimer.h">
      <Filter>Core</Filter>
    </ClInclude>
    <ClInclude Include="ITimer.h">
      <Filter>Interfaces</Filter>
    </ClInclude>
  </ItemGroup>
  <ItemGroup>
    <FxCompile Include="Shaders\CBuffers.hlsl">
      <Filter>Shaders</Filter>
    </FxCompile>
    <FxCompile Include="Shaders\Intersections.hlsl">
      <Filter>Shaders</Filter>
    </FxCompile>
    <FxCompile Include="Shaders\Structs.hlsl">
      <Filter>Shaders</Filter>
    </FxCompile>
    <FxCompile Include="Shaders\RayTracer.hlsl">
      <Filter>Shaders</Filter>
    </FxCompile>
    <FxCompile Include="Shaders\CSColorComputation.hlsl">
      <Filter>Shaders\Compute Shaders</Filter>
    </FxCompile>
    <FxCompile Include="Shaders\CSIntersections.hlsl">
      <Filter>Shaders\Compute Shaders</Filter>
    </FxCompile>
    <FxCompile Include="Shaders\CSPrimaryRays.hlsl">
      <Filter>Shaders\Compute Shaders</Filter>
    </FxCompile>
    <FxCompile Include="Shaders\CSWorldInteraction.hlsl">
      <Filter>Shaders\Compute Shaders</Filter>
    </FxCompile>
  </ItemGroup>
</Project>